
Microsoft Visual Studio Solution File, Format Version 12.00
# Visual Studio Version 17
VisualStudioVersion = 17.7.34031.279
MinimumVisualStudioVersion = 10.0.40219.1
Project("{FAE04EC0-301F-11D3-BF4B-00C04F79EFBC}") = "realtor-dotnet-core-api", "realtor-dotnet-core-api.csproj", "{429AAB07-1C06-4C9B-BA11-0CC3C8C088D5}"
EndProject
Global
	GlobalSection(SolutionConfigurationPlatforms) = preSolution
		Debug|Any CPU = Debug|Any CPU
		Release|Any CPU = Release|Any CPU
	EndGlobalSection
	GlobalSection(ProjectConfigurationPlatforms) = postSolution
		{429AAB07-1C06-4C9B-BA11-0CC3C8C088D5}.Debug|Any CPU.ActiveCfg = Debug|Any CPU
		{429AAB07-1C06-4C9B-BA11-0CC3C8C088D5}.Debug|Any CPU.Build.0 = Debug|Any CPU
		{429AAB07-1C06-4C9B-BA11-0CC3C8C088D5}.Release|Any CPU.ActiveCfg = Release|Any CPU
		{429AAB07-1C06-4C9B-BA11-0CC3C8C088D5}.Release|Any CPU.Build.0 = Release|Any CPU
	EndGlobalSection
	GlobalSection(SolutionProperties) = preSolution
		HideSolutionNode = FALSE
	EndGlobalSection
	GlobalSection(ExtensibilityGlobals) = postSolution
		SolutionGuid = {C1B5E844-D49A-4543-8FFC-E84907D5807A}
	EndGlobalSection
EndGlobal
